
Microsoft Visual Studio Solution File, Format Version 12.00
# Visual Studio Version 17
VisualStudioVersion = 17.1.32210.238
MinimumVisualStudioVersion = 10.0.40219.1
Project("{FAE04EC0-301F-11D3-BF4B-00C04F79EFBC}") = "ExceptionBug", "ExceptionBug.csproj", "{22907B5E-A43F-4029-81E8-E79733A6A930}"
EndProject
Global
	GlobalSection(SolutionConfigurationPlatforms) = preSolution
		Debug|Any CPU = Debug|Any CPU
		Release|Any CPU = Release|Any CPU
	EndGlobalSection
	GlobalSection(ProjectConfigurationPlatforms) = postSolution
		{22907B5E-A43F-4029-81E8-E79733A6A930}.Debug|Any CPU.ActiveCfg = Debug|Any CPU
		{22907B5E-A43F-4029-81E8-E79733A6A930}.Debug|Any CPU.Build.0 = Debug|Any CPU
		{22907B5E-A43F-4029-81E8-E79733A6A930}.Release|Any CPU.ActiveCfg = Release|Any CPU
		{22907B5E-A43F-4029-81E8-E79733A6A930}.Release|Any CPU.Build.0 = Release|Any CPU
	EndGlobalSection
	GlobalSection(SolutionProperties) = preSolution
		HideSolutionNode = FALSE
	EndGlobalSection
	GlobalSection(ExtensibilityGlobals) = postSolution
		SolutionGuid = {B85F1802-0D8F-4C74-B5EF-CC225476ECB2}
	EndGlobalSection
EndGlobal
